
Microsoft Visual Studio Solution File, Format Version 12.00
# Visual Studio 15
VisualStudioVersion = 15.0.27004.2009
MinimumVisualStudioVersion = 10.0.40219.1
Project("{FAE04EC0-301F-11D3-BF4B-00C04F79EFBC}") = "WhileLoops", "WhileLoops\WhileLoops.csproj", "{DEADF3A0-0266-4906-89E1-228FB03BDAC3}"
EndProject
Global
	GlobalSection(SolutionConfigurationPlatforms) = preSolution
		Debug|Any CPU = Debug|Any CPU
		Release|Any CPU = Release|Any CPU
	EndGlobalSection
	GlobalSection(ProjectConfigurationPlatforms) = postSolution
		{DEADF3A0-0266-4906-89E1-228FB03BDAC3}.Debug|Any CPU.ActiveCfg = Debug|Any CPU
		{DEADF3A0-0266-4906-89E1-228FB03BDAC3}.Debug|Any CPU.Build.0 = Debug|Any CPU
		{DEADF3A0-0266-4906-89E1-228FB03BDAC3}.Release|Any CPU.ActiveCfg = Release|Any CPU
		{DEADF3A0-0266-4906-89E1-228FB03BDAC3}.Release|Any CPU.Build.0 = Release|Any CPU
	EndGlobalSection
	GlobalSection(SolutionProperties) = preSolution
		HideSolutionNode = FALSE
	EndGlobalSection
	GlobalSection(ExtensibilityGlobals) = postSolution
		SolutionGuid = {B824C0CF-27A1-4B41-8F5C-AB7124822D70}
	EndGlobalSection
EndGlobal
