
Microsoft Visual Studio Solution File, Format Version 12.00
# Visual Studio 15
VisualStudioVersion = 15.0.27004.2009
MinimumVisualStudioVersion = 10.0.40219.1
Project("{FAE04EC0-301F-11D3-BF4B-00C04F79EFBC}") = "iterationStatements", "iterationStatements\iterationStatements.csproj", "{AD194B46-1416-4C69-917A-662F2220021D}"
EndProject
Global
	GlobalSection(SolutionConfigurationPlatforms) = preSolution
		Debug|Any CPU = Debug|Any CPU
		Release|Any CPU = Release|Any CPU
	EndGlobalSection
	GlobalSection(ProjectConfigurationPlatforms) = postSolution
		{AD194B46-1416-4C69-917A-662F2220021D}.Debug|Any CPU.ActiveCfg = Debug|Any CPU
		{AD194B46-1416-4C69-917A-662F2220021D}.Debug|Any CPU.Build.0 = Debug|Any CPU
		{AD194B46-1416-4C69-917A-662F2220021D}.Release|Any CPU.ActiveCfg = Release|Any CPU
		{AD194B46-1416-4C69-917A-662F2220021D}.Release|Any CPU.Build.0 = Release|Any CPU
	EndGlobalSection
	GlobalSection(SolutionProperties) = preSolution
		HideSolutionNode = FALSE
	EndGlobalSection
	GlobalSection(ExtensibilityGlobals) = postSolution
		SolutionGuid = {F9D6093C-00D9-492B-82C4-43A9A224E7BE}
	EndGlobalSection
EndGlobal
